
Microsoft Visual Studio Solution File, Format Version 12.00
# Visual Studio Version 17
VisualStudioVersion = 17.0.31912.275
MinimumVisualStudioVersion = 10.0.40219.1
Project("{FAE04EC0-301F-11D3-BF4B-00C04F79EFBC}") = "BookStore", "BookStore\BookStore.csproj", "{C293646D-DA28-4609-ACAE-ACFD171CF9B0}"
EndProject
Project("{FAE04EC0-301F-11D3-BF4B-00C04F79EFBC}") = "BookStore.Tests", "BookStore.Tests\BookStore.Tests.csproj", "{7BCA2A03-5033-40E4-88A3-B750F58CEA3E}"
EndProject
Project("{FAE04EC0-301F-11D3-BF4B-00C04F79EFBC}") = "BookStore.Domain", "BookStore.Domain\BookStore.Domain.csproj", "{28BB192F-D6D6-464C-9053-79CA867A496F}"
EndProject
Global
	GlobalSection(SolutionConfigurationPlatforms) = preSolution
		Debug|Any CPU = Debug|Any CPU
		Release|Any CPU = Release|Any CPU
	EndGlobalSection
	GlobalSection(ProjectConfigurationPlatforms) = postSolution
		{C293646D-DA28-4609-ACAE-ACFD171CF9B0}.Debug|Any CPU.ActiveCfg = Debug|Any CPU
		{C293646D-DA28-4609-ACAE-ACFD171CF9B0}.Debug|Any CPU.Build.0 = Debug|Any CPU
		{C293646D-DA28-4609-ACAE-ACFD171CF9B0}.Release|Any CPU.ActiveCfg = Release|Any CPU
		{C293646D-DA28-4609-ACAE-ACFD171CF9B0}.Release|Any CPU.Build.0 = Release|Any CPU
		{7BCA2A03-5033-40E4-88A3-B750F58CEA3E}.Debug|Any CPU.ActiveCfg = Debug|Any CPU
		{7BCA2A03-5033-40E4-88A3-B750F58CEA3E}.Debug|Any CPU.Build.0 = Debug|Any CPU
		{7BCA2A03-5033-40E4-88A3-B750F58CEA3E}.Release|Any CPU.ActiveCfg = Release|Any CPU
		{7BCA2A03-5033-40E4-88A3-B750F58CEA3E}.Release|Any CPU.Build.0 = Release|Any CPU
		{28BB192F-D6D6-464C-9053-79CA867A496F}.Debug|Any CPU.ActiveCfg = Debug|Any CPU
		{28BB192F-D6D6-464C-9053-79CA867A496F}.Debug|Any CPU.Build.0 = Debug|Any CPU
		{28BB192F-D6D6-464C-9053-79CA867A496F}.Release|Any CPU.ActiveCfg = Release|Any CPU
		{28BB192F-D6D6-464C-9053-79CA867A496F}.Release|Any CPU.Build.0 = Release|Any CPU
	EndGlobalSection
	GlobalSection(SolutionProperties) = preSolution
		HideSolutionNode = FALSE
	EndGlobalSection
	GlobalSection(ExtensibilityGlobals) = postSolution
		SolutionGuid = {FCA7F03A-9DB4-44E6-AE19-B43C6B9D9518}
	EndGlobalSection
EndGlobal
